
Microsoft Visual Studio Solution File, Format Version 12.00
# Visual Studio Version 16
VisualStudioVersion = 16.0.31205.134
MinimumVisualStudioVersion = 10.0.40219.1
Project("{FAE04EC0-301F-11D3-BF4B-00C04F79EFBC}") = "ServerSnakeNetwork", "ServerSnakeNetwork\ServerSnakeNetwork.csproj", "{C08C5A14-C591-4A6E-AA73-A858B6254231}"
EndProject
Project("{FAE04EC0-301F-11D3-BF4B-00C04F79EFBC}") = "ClientSnakeNetwork", "ClientSnakeNetwork\ClientSnakeNetwork.csproj", "{95E4B41F-B9F3-45E4-A18D-1E6016CCA9C9}"
EndProject
Global
	GlobalSection(SolutionConfigurationPlatforms) = preSolution
		Debug|Any CPU = Debug|Any CPU
		Release|Any CPU = Release|Any CPU
	EndGlobalSection
	GlobalSection(ProjectConfigurationPlatforms) = postSolution
		{C08C5A14-C591-4A6E-AA73-A858B6254231}.Debug|Any CPU.ActiveCfg = Debug|Any CPU
		{C08C5A14-C591-4A6E-AA73-A858B6254231}.Debug|Any CPU.Build.0 = Debug|Any CPU
		{C08C5A14-C591-4A6E-AA73-A858B6254231}.Release|Any CPU.ActiveCfg = Release|Any CPU
		{C08C5A14-C591-4A6E-AA73-A858B6254231}.Release|Any CPU.Build.0 = Release|Any CPU
		{95E4B41F-B9F3-45E4-A18D-1E6016CCA9C9}.Debug|Any CPU.ActiveCfg = Debug|Any CPU
		{95E4B41F-B9F3-45E4-A18D-1E6016CCA9C9}.Debug|Any CPU.Build.0 = Debug|Any CPU
		{95E4B41F-B9F3-45E4-A18D-1E6016CCA9C9}.Release|Any CPU.ActiveCfg = Release|Any CPU
		{95E4B41F-B9F3-45E4-A18D-1E6016CCA9C9}.Release|Any CPU.Build.0 = Release|Any CPU
	EndGlobalSection
	GlobalSection(SolutionProperties) = preSolution
		HideSolutionNode = FALSE
	EndGlobalSection
	GlobalSection(ExtensibilityGlobals) = postSolution
		SolutionGuid = {F355A1DA-248C-4688-B602-D9A472512AD9}
	EndGlobalSection
EndGlobal
